{
  "name": "BusinessTravelTrackerApp_RIRS",
  "lockfileVersion": 3,
  "requires": true,
  "packages": {
    "": {
      "dependencies": {
        "browsee": "^2.0.0"
      }
    },
    "node_modules/browsee": {
      "version": "2.0.0",
      "resolved": "https://registry.npmjs.org/browsee/-/browsee-2.0.0.tgz",
      "integrity": "sha512-hs/qP87wTkqBlg8YcRMHthDHAL32ID9yK9Qe+O/9PXf5EsrXGMHyjxC4JKFAwd/q/l1Q+02gPSXZvnN9/2iKlw==",
      "deprecated": "Package no longer supported. Contact support@npmjs.com for more info.",
      "license": "ISC"
    }
  }
}
